
Microsoft Visual Studio Solution File, Format Version 12.00
# Visual Studio Version 17
VisualStudioVersion = 17.5.002.0
MinimumVisualStudioVersion = 10.0.40219.1
Project("{9A19103F-16F7-4668-BE54-9A1E7A4F7556}") = "fwupdatedevice", "fwupdatedevice.csproj", "{342D1811-A38E-4D5D-AF61-F6E1E0EF1F8B}"
EndProject
Global
	GlobalSection(SolutionConfigurationPlatforms) = preSolution
		Debug|Any CPU = Debug|Any CPU
		Release|Any CPU = Release|Any CPU
	EndGlobalSection
	GlobalSection(ProjectConfigurationPlatforms) = postSolution
		{342D1811-A38E-4D5D-AF61-F6E1E0EF1F8B}.Debug|Any CPU.ActiveCfg = Debug|Any CPU
		{342D1811-A38E-4D5D-AF61-F6E1E0EF1F8B}.Debug|Any CPU.Build.0 = Debug|Any CPU
		{342D1811-A38E-4D5D-AF61-F6E1E0EF1F8B}.Release|Any CPU.ActiveCfg = Release|Any CPU
		{342D1811-A38E-4D5D-AF61-F6E1E0EF1F8B}.Release|Any CPU.Build.0 = Release|Any CPU
	EndGlobalSection
	GlobalSection(SolutionProperties) = preSolution
		HideSolutionNode = FALSE
	EndGlobalSection
	GlobalSection(ExtensibilityGlobals) = postSolution
		SolutionGuid = {946A2D24-8B49-45E9-8D28-D5E59AB9C172}
	EndGlobalSection
EndGlobal
