
Microsoft Visual Studio Solution File, Format Version 12.00
# Visual Studio Version 17
VisualStudioVersion = 17.5.002.0
MinimumVisualStudioVersion = 10.0.40219.1
Project("{9A19103F-16F7-4668-BE54-9A1E7A4F7556}") = "HubRoutingSample", "HubRoutingSample.csproj", "{075BC7C3-0CC9-49FB-BFEE-1F20C57641A3}"
EndProject
Global
	GlobalSection(SolutionConfigurationPlatforms) = preSolution
		Debug|Any CPU = Debug|Any CPU
		Release|Any CPU = Release|Any CPU
	EndGlobalSection
	GlobalSection(ProjectConfigurationPlatforms) = postSolution
		{075BC7C3-0CC9-49FB-BFEE-1F20C57641A3}.Debug|Any CPU.ActiveCfg = Debug|Any CPU
		{075BC7C3-0CC9-49FB-BFEE-1F20C57641A3}.Debug|Any CPU.Build.0 = Debug|Any CPU
		{075BC7C3-0CC9-49FB-BFEE-1F20C57641A3}.Release|Any CPU.ActiveCfg = Release|Any CPU
		{075BC7C3-0CC9-49FB-BFEE-1F20C57641A3}.Release|Any CPU.Build.0 = Release|Any CPU
	EndGlobalSection
	GlobalSection(SolutionProperties) = preSolution
		HideSolutionNode = FALSE
	EndGlobalSection
	GlobalSection(ExtensibilityGlobals) = postSolution
		SolutionGuid = {72C28E96-4E15-4BB4-B6DD-5D858CE9C14A}
	EndGlobalSection
EndGlobal
